
Microsoft Visual Studio Solution File, Format Version 12.00
# Visual Studio Version 17
VisualStudioVersion = 17.2.32519.379
MinimumVisualStudioVersion = 10.0.40219.1
Project("{9A19103F-16F7-4668-BE54-9A1E7A4F7556}") = "WebPortal_02", "WebPortal_02\WebPortal_02.csproj", "{42D8C598-4EA7-4389-9489-8F9F93DD6CA6}"
EndProject
Global
	GlobalSection(SolutionConfigurationPlatforms) = preSolution
		Debug|Any CPU = Debug|Any CPU
		Release|Any CPU = Release|Any CPU
	EndGlobalSection
	GlobalSection(ProjectConfigurationPlatforms) = postSolution
		{42D8C598-4EA7-4389-9489-8F9F93DD6CA6}.Debug|Any CPU.ActiveCfg = Debug|Any CPU
		{42D8C598-4EA7-4389-9489-8F9F93DD6CA6}.Debug|Any CPU.Build.0 = Debug|Any CPU
		{42D8C598-4EA7-4389-9489-8F9F93DD6CA6}.Release|Any CPU.ActiveCfg = Release|Any CPU
		{42D8C598-4EA7-4389-9489-8F9F93DD6CA6}.Release|Any CPU.Build.0 = Release|Any CPU
	EndGlobalSection
	GlobalSection(SolutionProperties) = preSolution
		HideSolutionNode = FALSE
	EndGlobalSection
	GlobalSection(ExtensibilityGlobals) = postSolution
		SolutionGuid = {65F5758B-6A3E-492A-B8CA-60A79CE7BE77}
	EndGlobalSection
EndGlobal
